
Microsoft Visual Studio Solution File, Format Version 12.00
# Visual Studio 2013
VisualStudioVersion = 12.0.30501.0
MinimumVisualStudioVersion = 10.0.40219.1
Project("{FAE04EC0-301F-11D3-BF4B-00C04F79EFBC}") = "Common", "Common\Common.csproj", "{7BD04B57-6B28-4F7C-884B-9CEAF32427CE}"
EndProject
Project("{FAE04EC0-301F-11D3-BF4B-00C04F79EFBC}") = "Host", "Host\Host.csproj", "{35827DF7-25A9-430B-B5A9-9A4D8802449D}"
EndProject
Global
	GlobalSection(SolutionConfigurationPlatforms) = preSolution
		Debug|Any CPU = Debug|Any CPU
		Release|Any CPU = Release|Any CPU
	EndGlobalSection
	GlobalSection(ProjectConfigurationPlatforms) = postSolution
		{7BD04B57-6B28-4F7C-884B-9CEAF32427CE}.Debug|Any CPU.ActiveCfg = Debug|Any CPU
		{7BD04B57-6B28-4F7C-884B-9CEAF32427CE}.Debug|Any CPU.Build.0 = Debug|Any CPU
		{7BD04B57-6B28-4F7C-884B-9CEAF32427CE}.Release|Any CPU.ActiveCfg = Release|Any CPU
		{7BD04B57-6B28-4F7C-884B-9CEAF32427CE}.Release|Any CPU.Build.0 = Release|Any CPU
		{35827DF7-25A9-430B-B5A9-9A4D8802449D}.Debug|Any CPU.ActiveCfg = Debug|Any CPU
		{35827DF7-25A9-430B-B5A9-9A4D8802449D}.Debug|Any CPU.Build.0 = Debug|Any CPU
		{35827DF7-25A9-430B-B5A9-9A4D8802449D}.Release|Any CPU.ActiveCfg = Release|Any CPU
		{35827DF7-25A9-430B-B5A9-9A4D8802449D}.Release|Any CPU.Build.0 = Release|Any CPU
	EndGlobalSection
	GlobalSection(SolutionProperties) = preSolution
		HideSolutionNode = FALSE
	EndGlobalSection
EndGlobal
